<?xml version="1.0" encoding="utf-8"?>
<Project ToolsVersion="4.0" xmlns="http://schemas.microsoft.com/developer/msbuild/2003">
  <ItemGroup>
    <Filter Include="源文件">
      <UniqueIdentifier>{637332c0-738c-4254-b0c9-c28bf7d27987}</UniqueIdentifier>
      <Extensions>cpp;c;cxx;def;odl;idl;hpj;bat;asm</Extensions>
    </Filter>
    <Filter Include="头文件">
      <UniqueIdentifier>{38abe82b-e39c-478d-97b1-4cb8d1a4b618}</UniqueIdentifier>
      <Extensions>h;hpp;hxx;hm;inl;inc</Extensions>
    </Filter>
    <Filter Include="资源文件">
      <UniqueIdentifier>{4d57878a-e14e-4430-b774-d666ec6a428f}</UniqueIdentifier>
      <Extensions>rc;ico;cur;bmp;dlg;rc2;rct;bin;rgs;gif;jpg;jpeg;jpe</Extensions>
    </Filter>
  </ItemGroup>
  <ItemGroup>
    <ClCompile Include="DirectNetClient.cpp">
      <Filter>源文件</Filter>
    </ClCompile>
    <ClCompile Include="DirectNetClientBlockVersion.cpp">
      <Filter>源文件</Filter>
    </ClCompile>
    <ClCompile Include="DirectNetClientOverlappedIO.cpp">
      <Filter>源文件</Filter>
    </ClCompile>
    <ClCompile Include="DirectNetClientRebuild.cpp">
      <Filter>源文件</Filter>
    </ClCompile>
    <ClCompile Include="DirectNetClientRebuildAutoPackage.cpp">
      <Filter>源文件</Filter>
    </ClCompile>
    <ClCompile Include="DirectNetClientRebuildAutoPackageNewVerion.cpp">
      <Filter>源文件</Filter>
    </ClCompile>
    <ClCompile Include="DirectNetClientSingle.cpp">
      <Filter>源文件</Filter>
    </ClCompile>
    <ClCompile Include="stdafx.cpp">
      <Filter>源文件</Filter>
    </ClCompile>
  </ItemGroup>
  <ItemGroup>
    <ClInclude Include="..\lzw.hpp">
      <Filter>源文件</Filter>
    </ClInclude>
    <ClInclude Include="stdafx.h">
      <Filter>头文件</Filter>
    </ClInclude>
  </ItemGroup>
  <ItemGroup>
    <Text Include="ReadMe.txt" />
  </ItemGroup>
</Project>